
Microsoft Visual Studio Solution File, Format Version 12.00
# Visual Studio Version 16
VisualStudioVersion = 16.0.28803.156
MinimumVisualStudioVersion = 10.0.40219.1
Project("{FAE04EC0-301F-11D3-BF4B-00C04F79EFBC}") = "dtmfLive", "dtmfLive\dtmfLive.csproj", "{82A12765-7C5D-47D5-893E-8A293F834F6E}"
EndProject
Global
	GlobalSection(SolutionConfigurationPlatforms) = preSolution
		Debug|Any CPU = Debug|Any CPU
		Release|Any CPU = Release|Any CPU
	EndGlobalSection
	GlobalSection(ProjectConfigurationPlatforms) = postSolution
		{82A12765-7C5D-47D5-893E-8A293F834F6E}.Debug|Any CPU.ActiveCfg = Debug|Any CPU
		{82A12765-7C5D-47D5-893E-8A293F834F6E}.Debug|Any CPU.Build.0 = Debug|Any CPU
		{82A12765-7C5D-47D5-893E-8A293F834F6E}.Release|Any CPU.ActiveCfg = Release|Any CPU
		{82A12765-7C5D-47D5-893E-8A293F834F6E}.Release|Any CPU.Build.0 = Release|Any CPU
	EndGlobalSection
	GlobalSection(SolutionProperties) = preSolution
		HideSolutionNode = FALSE
	EndGlobalSection
	GlobalSection(ExtensibilityGlobals) = postSolution
		SolutionGuid = {FF73DCC6-3B04-4C8D-A956-41498B7AC074}
	EndGlobalSection
EndGlobal
